Microsoft Visual Studio Solution File, Format Version 11.00
# Visual Studio 2008

Project("{240DC6E9-A876-DC12-9CA8-92B56D3B5193}") = "NewUnityProject2", "Assembly-CSharp.csproj", "{695134BE-AA8B-3D0E-4FE3-2BB2423BCDA2}"
EndProject
Global
	GlobalSection(SolutionConfigurationPlatforms) = preSolution
		Debug|Any CPU = Debug|Any CPU
		Release|Any CPU = Release|Any CPU
	EndGlobalSection
	GlobalSection(ProjectConfigurationPlatforms) = postSolution
		{695134BE-AA8B-3D0E-4FE3-2BB2423BCDA2}.Debug|Any CPU.ActiveCfg = Debug|Any CPU
		{695134BE-AA8B-3D0E-4FE3-2BB2423BCDA2}.Debug|Any CPU.Build.0 = Debug|Any CPU
		{695134BE-AA8B-3D0E-4FE3-2BB2423BCDA2}.Release|Any CPU.ActiveCfg = Release|Any CPU
		{695134BE-AA8B-3D0E-4FE3-2BB2423BCDA2}.Release|Any CPU.Build.0 = Release|Any CPU
	EndGlobalSection
	GlobalSection(SolutionProperties) = preSolution
		HideSolutionNode = FALSE
	EndGlobalSection
	GlobalSection(MonoDevelopProperties) = preSolution
		StartupItem = Assembly-CSharp.csproj
	EndGlobalSection
EndGlobal
